{
  "name": "flow",
  "version": "1.0.0",
  "lockfileVersion": 2,
  "requires": true,
  "packages": {
    "": {
      "version": "1.0.0",
      "license": "ISC",
      "dependencies": {
        "mobx": "^6.4.1",
        "mobx-react": "^7.3.0",
        "react-konva": "^17.0.2-5",
        "react-konva-utils": "^0.2.0",
        "uuid": "^8.3.2"
      }
    },
    "node_modules/js-tokens": {
      "version": "4.0.0",
      "resolved": "https://registry.npmjs.org/js-tokens/-/js-tokens-4.0.0.tgz",
      "integrity": "sha512-RdJUflcE3cUzKiMqQgsCu06FPu9UdIJO0beYbPhHN4k6apgJtifcoCtT9bcxOpYBtpD2kCM6Sbzg4CausW/PKQ=="
    },
    "node_modules/konva": {
      "version": "8.3.2",
      "resolved": "https://registry.npmjs.org/konva/-/konva-8.3.2.tgz",
      "integrity": "sha512-vWi51qFTFkEIp+HxMek1eH1fA1zFo0DPD3uqUez+v2gy/IfZF2eLu9DcEj7Exk532hxfHJi/2oZ0GQYHlhg/dQ==",
      "funding": [
        {
          "type": "patreon",
          "url": "https://www.patreon.com/lavrton"
        },
        {
          "type": "opencollective",
          "url": "https://opencollective.com/konva"
        },
        {
          "type": "github",
          "url": "https://github.com/sponsors/lavrton"
        }
      ],
      "peer": true
    },
    "node_modules/loose-envify": {
      "version": "1.4.0",
      "resolved": "https://registry.npmjs.org/loose-envify/-/loose-envify-1.4.0.tgz",
      "integrity": "sha512-lyuxPGr/Wfhrlem2CL/UcnUc1zcqKAImBDzukY7Y5F/yQiNdko6+fRLevlw1HgMySw7f611UIY408EtxRSoK3Q==",
      "dependencies": {
        "js-tokens": "^3.0.0 || ^4.0.0"
      },
      "bin": {
        "loose-envify": "cli.js"
      }
    },
    "node_modules/mobx": {
      "version": "6.4.1",
      "resolved": "https://registry.npmjs.org/mobx/-/mobx-6.4.1.tgz",
      "integrity": "sha512-NFXx0uMbGBgsa0uxhH099L8cMuoRQWh01q6Sf0ZX/3hFU7svJ7yfTD+1LnLMa5wzY/b7gImAeMsR1p0wordDnA==",
      "funding": {
        "type": "opencollective",
        "url": "https://opencollective.com/mobx"
      }
    },
    "node_modules/mobx-react": {
      "version": "7.3.0",
      "resolved": "https://registry.npmjs.org/mobx-react/-/mobx-react-7.3.0.tgz",
      "integrity": "sha512-RGEcwZokopqyJE5JPwXKB9FWMSqFM9NJVO2QPI+z6laJTJeBHqvPicjnKgY5mvihxTeXB1+72TnooqUePeGV1g==",
      "dependencies": {
        "mobx-react-lite": "^3.3.0"
      },
      "funding": {
        "type": "opencollective",
        "url": "https://opencollective.com/mobx"
      },
      "peerDependencies": {
        "mobx": "^6.1.0",
        "react": "^16.8.0 || ^17"
      },
      "peerDependenciesMeta": {
        "react-dom": {
          "optional": true
        },
        "react-native": {
          "optional": true
        }
      }
    },
    "node_modules/mobx-react-lite": {
      "version": "3.3.0",
      "resolved": "https://registry.npmjs.org/mobx-react-lite/-/mobx-react-lite-3.3.0.tgz",
      "integrity": "sha512-U/kMSFtV/bNVgY01FuiGWpRkaQVHozBq5CEBZltFvPt4FcV111hEWkgwqVg9GPPZSEuEdV438PEz8mk8mKpYlA==",
      "funding": {
        "type": "opencollective",
        "url": "https://opencollective.com/mobx"
      },
      "peerDependencies": {
        "mobx": "^6.1.0",
        "react": "^16.8.0 || ^17"
      },
      "peerDependenciesMeta": {
        "react-dom": {
          "optional": true
        },
        "react-native": {
          "optional": true
        }
      }
    },
    "node_modules/object-assign": {
      "version": "4.1.1",
      "resolved": "https://registry.npmjs.org/object-assign/-/object-assign-4.1.1.tgz",
      "integrity": "sha1-IQmtx5ZYh8/AXLvUQsrIv7s2CGM=",
      "engines": {
        "node": ">=0.10.0"
      }
    },
    "node_modules/react": {
      "version": "17.0.2",
      "resolved": "https://registry.npmjs.org/react/-/react-17.0.2.tgz",
      "integrity": "sha512-gnhPt75i/dq/z3/6q/0asP78D0u592D5L1pd7M8P+dck6Fu/jJeL6iVVK23fptSUZj8Vjf++7wXA8UNclGQcbA==",
      "peer": true,
      "dependencies": {
        "loose-envify": "^1.1.0",
        "object-assign": "^4.1.1"
      },
      "engines": {
        "node": ">=0.10.0"
      }
    },
    "node_modules/react-dom": {
      "version": "17.0.2",
      "resolved": "https://registry.npmjs.org/react-dom/-/react-dom-17.0.2.tgz",
      "integrity": "sha512-s4h96KtLDUQlsENhMn1ar8t2bEa+q/YAtj8pPPdIjPDGBDIVNsrD9aXNWqspUe6AzKCIG0C1HZZLqLV7qpOBGA==",
      "peer": true,
      "dependencies": {
        "loose-envify": "^1.1.0",
        "object-assign": "^4.1.1",
        "scheduler": "^0.20.2"
      },
      "peerDependencies": {
        "react": "17.0.2"
      }
    },
    "node_modules/react-konva": {
      "version": "17.0.2-5",
      "resolved": "https://registry.npmjs.org/react-konva/-/react-konva-17.0.2-5.tgz",
      "integrity": "sha512-IyzdfqRDK8r1ulp/jbLPX18AuO+n5yNtL0+4T0QEUsgArRqIl/VRCG1imA5mYJBk0cBNC5+fWDHN+HWEW62ZEQ==",
      "funding": [
        {
          "type": "patreon",
          "url": "https://www.patreon.com/lavrton"
        },
        {
          "type": "opencollective",
          "url": "https://opencollective.com/konva"
        },
        {
          "type": "github",
          "url": "https://github.com/sponsors/lavrton"
        }
      ],
      "dependencies": {
        "react-reconciler": "~0.26.2",
        "scheduler": "^0.20.2"
      },
      "peerDependencies": {
        "konva": "^8.0.1 || ^7.2.5",
        "react": ">=16.8.0",
        "react-dom": ">=16.8.0"
      }
    },
    "node_modules/react-konva-utils": {
      "version": "0.2.0",
      "resolved": "https://registry.npmjs.org/react-konva-utils/-/react-konva-utils-0.2.0.tgz",
      "integrity": "sha512-xjxhmuZnRJthInyb5wLwdgtO5gQnUvCpEutMoFwQtnwL4s4JFNLTq+fjlmCGhP+TxiJXiztzwinptL+wxP16pg==",
      "dependencies": {
        "react-konva": "^17.0.2-4",
        "use-image": "^1.0.7"
      },
      "peerDependencies": {
        "konva": "8.x",
        "react": "^17.0.2",
        "react-dom": "^17.0.2"
      }
    },
    "node_modules/react-reconciler": {
      "version": "0.26.2",
      "resolved": "https://registry.npmjs.org/react-reconciler/-/react-reconciler-0.26.2.tgz",
      "integrity": "sha512-nK6kgY28HwrMNwDnMui3dvm3rCFjZrcGiuwLc5COUipBK5hWHLOxMJhSnSomirqWwjPBJKV1QcbkI0VJr7Gl1Q==",
      "dependencies": {
        "loose-envify": "^1.1.0",
        "object-assign": "^4.1.1",
        "scheduler": "^0.20.2"
      },
      "engines": {
        "node": ">=0.10.0"
      },
      "peerDependencies": {
        "react": "^17.0.2"
      }
    },
    "node_modules/scheduler": {
      "version": "0.20.2",
      "resolved": "https://registry.npmjs.org/scheduler/-/scheduler-0.20.2.tgz",
      "integrity": "sha512-2eWfGgAqqWFGqtdMmcL5zCMK1U8KlXv8SQFGglL3CEtd0aDVDWgeF/YoCmvln55m5zSk3J/20hTaSBeSObsQDQ==",
      "dependencies": {
        "loose-envify": "^1.1.0",
        "object-assign": "^4.1.1"
      }
    },
    "node_modules/use-image": {
      "version": "1.0.8",
      "resolved": "https://registry.npmjs.org/use-image/-/use-image-1.0.8.tgz",
      "integrity": "sha512-mTQBg+e+tLXvhxq2MozH2ZdUPglG7ozLUlSB036soydO1wg1ZV5msZ4X3aw7gX4ozW0P9yHYZAiZB+qbIdQJZQ==",
      "peerDependencies": {
        "react": "^16.8.0 || ^17",
        "react-dom": "^16.8.0 || ^17"
      }
    },
    "node_modules/uuid": {
      "version": "8.3.2",
      "resolved": "https://registry.npmjs.org/uuid/-/uuid-8.3.2.tgz",
      "integrity": "sha512-+NYs2QeMWy+GWFOEm9xnn6HCDp0l7QBD7ml8zLUmJ+93Q5NF0NocErnwkTkXVFNiX3/fpC6afS8Dhb/gz7R7eg==",
      "bin": {
        "uuid": "dist/bin/uuid"
      }
    }
  },
  "dependencies": {
    "js-tokens": {
      "version": "4.0.0",
      "resolved": "https://registry.npmjs.org/js-tokens/-/js-tokens-4.0.0.tgz",
      "integrity": "sha512-RdJUflcE3cUzKiMqQgsCu06FPu9UdIJO0beYbPhHN4k6apgJtifcoCtT9bcxOpYBtpD2kCM6Sbzg4CausW/PKQ=="
    },
    "konva": {
      "version": "8.3.2",
      "resolved": "https://registry.npmjs.org/konva/-/konva-8.3.2.tgz",
      "integrity": "sha512-vWi51qFTFkEIp+HxMek1eH1fA1zFo0DPD3uqUez+v2gy/IfZF2eLu9DcEj7Exk532hxfHJi/2oZ0GQYHlhg/dQ==",
      "peer": true
    },
    "loose-envify": {
      "version": "1.4.0",
      "resolved": "https://registry.npmjs.org/loose-envify/-/loose-envify-1.4.0.tgz",
      "integrity": "sha512-lyuxPGr/Wfhrlem2CL/UcnUc1zcqKAImBDzukY7Y5F/yQiNdko6+fRLevlw1HgMySw7f611UIY408EtxRSoK3Q==",
      "requires": {
        "js-tokens": "^3.0.0 || ^4.0.0"
      }
    },
    "mobx": {
      "version": "6.4.1",
      "resolved": "https://registry.npmjs.org/mobx/-/mobx-6.4.1.tgz",
      "integrity": "sha512-NFXx0uMbGBgsa0uxhH099L8cMuoRQWh01q6Sf0ZX/3hFU7svJ7yfTD+1LnLMa5wzY/b7gImAeMsR1p0wordDnA=="
    },
    "mobx-react": {
      "version": "7.3.0",
      "resolved": "https://registry.npmjs.org/mobx-react/-/mobx-react-7.3.0.tgz",
      "integrity": "sha512-RGEcwZokopqyJE5JPwXKB9FWMSqFM9NJVO2QPI+z6laJTJeBHqvPicjnKgY5mvihxTeXB1+72TnooqUePeGV1g==",
      "requires": {
        "mobx-react-lite": "^3.3.0"
      }
    },
    "mobx-react-lite": {
      "version": "3.3.0",
      "resolved": "https://registry.npmjs.org/mobx-react-lite/-/mobx-react-lite-3.3.0.tgz",
      "integrity": "sha512-U/kMSFtV/bNVgY01FuiGWpRkaQVHozBq5CEBZltFvPt4FcV111hEWkgwqVg9GPPZSEuEdV438PEz8mk8mKpYlA==",
      "requires": {}
    },
    "object-assign": {
      "version": "4.1.1",
      "resolved": "https://registry.npmjs.org/object-assign/-/object-assign-4.1.1.tgz",
      "integrity": "sha1-IQmtx5ZYh8/AXLvUQsrIv7s2CGM="
    },
    "react": {
      "version": "17.0.2",
      "resolved": "https://registry.npmjs.org/react/-/react-17.0.2.tgz",
      "integrity": "sha512-gnhPt75i/dq/z3/6q/0asP78D0u592D5L1pd7M8P+dck6Fu/jJeL6iVVK23fptSUZj8Vjf++7wXA8UNclGQcbA==",
      "peer": true,
      "requires": {
        "loose-envify": "^1.1.0",
        "object-assign": "^4.1.1"
      }
    },
    "react-dom": {
      "version": "17.0.2",
      "resolved": "https://registry.npmjs.org/react-dom/-/react-dom-17.0.2.tgz",
      "integrity": "sha512-s4h96KtLDUQlsENhMn1ar8t2bEa+q/YAtj8pPPdIjPDGBDIVNsrD9aXNWqspUe6AzKCIG0C1HZZLqLV7qpOBGA==",
      "peer": true,
      "requires": {
        "loose-envify": "^1.1.0",
        "object-assign": "^4.1.1",
        "scheduler": "^0.20.2"
      }
    },
    "react-konva": {
      "version": "17.0.2-5",
      "resolved": "https://registry.npmjs.org/react-konva/-/react-konva-17.0.2-5.tgz",
      "integrity": "sha512-IyzdfqRDK8r1ulp/jbLPX18AuO+n5yNtL0+4T0QEUsgArRqIl/VRCG1imA5mYJBk0cBNC5+fWDHN+HWEW62ZEQ==",
      "requires": {
        "react-reconciler": "~0.26.2",
        "scheduler": "^0.20.2"
      }
    },
    "react-konva-utils": {
      "version": "0.2.0",
      "resolved": "https://registry.npmjs.org/react-konva-utils/-/react-konva-utils-0.2.0.tgz",
      "integrity": "sha512-xjxhmuZnRJthInyb5wLwdgtO5gQnUvCpEutMoFwQtnwL4s4JFNLTq+fjlmCGhP+TxiJXiztzwinptL+wxP16pg==",
      "requires": {
        "react-konva": "^17.0.2-4",
        "use-image": "^1.0.7"
      }
    },
    "react-reconciler": {
      "version": "0.26.2",
      "resolved": "https://registry.npmjs.org/react-reconciler/-/react-reconciler-0.26.2.tgz",
      "integrity": "sha512-nK6kgY28HwrMNwDnMui3dvm3rCFjZrcGiuwLc5COUipBK5hWHLOxMJhSnSomirqWwjPBJKV1QcbkI0VJr7Gl1Q==",
      "requires": {
        "loose-envify": "^1.1.0",
        "object-assign": "^4.1.1",
        "scheduler": "^0.20.2"
      }
    },
    "scheduler": {
      "version": "0.20.2",
      "resolved": "https://registry.npmjs.org/scheduler/-/scheduler-0.20.2.tgz",
      "integrity": "sha512-2eWfGgAqqWFGqtdMmcL5zCMK1U8KlXv8SQFGglL3CEtd0aDVDWgeF/YoCmvln55m5zSk3J/20hTaSBeSObsQDQ==",
      "requires": {
        "loose-envify": "^1.1.0",
        "object-assign": "^4.1.1"
      }
    },
    "use-image": {
      "version": "1.0.8",
      "resolved": "https://registry.npmjs.org/use-image/-/use-image-1.0.8.tgz",
      "integrity": "sha512-mTQBg+e+tLXvhxq2MozH2ZdUPglG7ozLUlSB036soydO1wg1ZV5msZ4X3aw7gX4ozW0P9yHYZAiZB+qbIdQJZQ==",
      "requires": {}
    },
    "uuid": {
      "version": "8.3.2",
      "resolved": "https://registry.npmjs.org/uuid/-/uuid-8.3.2.tgz",
      "integrity": "sha512-+NYs2QeMWy+GWFOEm9xnn6HCDp0l7QBD7ml8zLUmJ+93Q5NF0NocErnwkTkXVFNiX3/fpC6afS8Dhb/gz7R7eg=="
    }
  }
}
